
Microsoft Visual Studio Solution File, Format Version 12.00
# Visual Studio Version 17
VisualStudioVersion = 17.0.31903.59
MinimumVisualStudioVersion = 10.0.40219.1
Project("{9A19103F-16F7-4668-BE54-9A1E7A4F7556}") = "01-DepthIncrease", "01-DepthIncrease\01-DepthIncrease.csproj", "{3F39DBEF-BC30-4507-B902-ABE777680AC2}"
EndProject
Project("{FAE04EC0-301F-11D3-BF4B-00C04F79EFBC}") = "02-Position", "02-Position\02-Position.csproj", "{CFAB5EB4-872C-4025-849D-4C9A39441D2E}"
EndProject
Global
	GlobalSection(SolutionConfigurationPlatforms) = preSolution
		Debug|Any CPU = Debug|Any CPU
		Release|Any CPU = Release|Any CPU
	EndGlobalSection
	GlobalSection(ProjectConfigurationPlatforms) = postSolution
		{3F39DBEF-BC30-4507-B902-ABE777680AC2}.Debug|Any CPU.ActiveCfg = Debug|Any CPU
		{3F39DBEF-BC30-4507-B902-ABE777680AC2}.Debug|Any CPU.Build.0 = Debug|Any CPU
		{3F39DBEF-BC30-4507-B902-ABE777680AC2}.Release|Any CPU.ActiveCfg = Release|Any CPU
		{3F39DBEF-BC30-4507-B902-ABE777680AC2}.Release|Any CPU.Build.0 = Release|Any CPU
		{CFAB5EB4-872C-4025-849D-4C9A39441D2E}.Debug|Any CPU.ActiveCfg = Debug|Any CPU
		{CFAB5EB4-872C-4025-849D-4C9A39441D2E}.Debug|Any CPU.Build.0 = Debug|Any CPU
		{CFAB5EB4-872C-4025-849D-4C9A39441D2E}.Release|Any CPU.ActiveCfg = Release|Any CPU
		{CFAB5EB4-872C-4025-849D-4C9A39441D2E}.Release|Any CPU.Build.0 = Release|Any CPU
	EndGlobalSection
	GlobalSection(SolutionProperties) = preSolution
		HideSolutionNode = FALSE
	EndGlobalSection
	GlobalSection(ExtensibilityGlobals) = postSolution
		SolutionGuid = {3604D372-E986-4B53-B54C-9FAAF13B9AC8}
	EndGlobalSection
EndGlobal
