
Microsoft Visual Studio Solution File, Format Version 12.00
# Visual Studio Version 17
VisualStudioVersion = 17.0.31903.59
MinimumVisualStudioVersion = 10.0.40219.1
Project("{9A19103F-16F7-4668-BE54-9A1E7A4F7556}") = "01-DepthIncrease", "01-DepthIncrease\01-DepthIncrease.csproj", "{3F39DBEF-BC30-4507-B902-ABE777680AC2}"
EndProject
Project("{9A19103F-16F7-4668-BE54-9A1E7A4F7556}") = "02-Position", "02-Position\02-Position.csproj", "{CFAB5EB4-872C-4025-849D-4C9A39441D2E}"
EndProject
Project("{9A19103F-16F7-4668-BE54-9A1E7A4F7556}") = "03-PowerConsumption", "03-PowerConsumpution\03-PowerConsumption.csproj", "{82696C07-EE49-44FE-9B22-A208AC1D0399}"
EndProject
Project("{9A19103F-16F7-4668-BE54-9A1E7A4F7556}") = "04-Bingo", "04-Bingo\04-Bingo.csproj", "{745297E1-BF40-4790-A93C-3CF0EA39F6DA}"
EndProject
Project("{9A19103F-16F7-4668-BE54-9A1E7A4F7556}") = "05-HydrothermalVenture", "05-HydrothermalVenture\05-HydrothermalVenture.csproj", "{51D7CC47-8051-4D59-9630-88FAB2371FDE}"
EndProject
Project("{9A19103F-16F7-4668-BE54-9A1E7A4F7556}") = "06-LanternFish", "06-LanternFish\06-LanternFish.csproj", "{47F3069A-E1C1-41E9-8F63-2E5D9BAB6954}"
EndProject
Project("{9A19103F-16F7-4668-BE54-9A1E7A4F7556}") = "07-CrabFuel", "07-CrabFuel\07-CrabFuel.csproj", "{D7745D20-D4DF-4704-B814-46B76B6E7892}"
EndProject
Project("{9A19103F-16F7-4668-BE54-9A1E7A4F7556}") = "08-SegmentSearch", "08-SegmentSearch\08-SegmentSearch.csproj", "{015F24B2-9EBC-4688-83A8-FA83A59F8815}"
EndProject
Project("{9A19103F-16F7-4668-BE54-9A1E7A4F7556}") = "09-RiskLevel", "09-RiskLevel\09-RiskLevel.csproj", "{9AA2C7C9-CC6C-4A9B-B1F3-1A06D00939B7}"
EndProject
Project("{FAE04EC0-301F-11D3-BF4B-00C04F79EFBC}") = "10-SyntaxChecker", "10-SyntaxChecker\10-SyntaxChecker.csproj", "{85137D56-0CFB-49E8-97CD-2B755366774B}"
EndProject
Global
	GlobalSection(SolutionConfigurationPlatforms) = preSolution
		Debug|Any CPU = Debug|Any CPU
		Release|Any CPU = Release|Any CPU
	EndGlobalSection
	GlobalSection(ProjectConfigurationPlatforms) = postSolution
		{3F39DBEF-BC30-4507-B902-ABE777680AC2}.Debug|Any CPU.ActiveCfg = Debug|Any CPU
		{3F39DBEF-BC30-4507-B902-ABE777680AC2}.Debug|Any CPU.Build.0 = Debug|Any CPU
		{3F39DBEF-BC30-4507-B902-ABE777680AC2}.Release|Any CPU.ActiveCfg = Release|Any CPU
		{3F39DBEF-BC30-4507-B902-ABE777680AC2}.Release|Any CPU.Build.0 = Release|Any CPU
		{CFAB5EB4-872C-4025-849D-4C9A39441D2E}.Debug|Any CPU.ActiveCfg = Debug|Any CPU
		{CFAB5EB4-872C-4025-849D-4C9A39441D2E}.Debug|Any CPU.Build.0 = Debug|Any CPU
		{CFAB5EB4-872C-4025-849D-4C9A39441D2E}.Release|Any CPU.ActiveCfg = Release|Any CPU
		{CFAB5EB4-872C-4025-849D-4C9A39441D2E}.Release|Any CPU.Build.0 = Release|Any CPU
		{82696C07-EE49-44FE-9B22-A208AC1D0399}.Debug|Any CPU.ActiveCfg = Debug|Any CPU
		{82696C07-EE49-44FE-9B22-A208AC1D0399}.Debug|Any CPU.Build.0 = Debug|Any CPU
		{82696C07-EE49-44FE-9B22-A208AC1D0399}.Release|Any CPU.ActiveCfg = Release|Any CPU
		{82696C07-EE49-44FE-9B22-A208AC1D0399}.Release|Any CPU.Build.0 = Release|Any CPU
		{745297E1-BF40-4790-A93C-3CF0EA39F6DA}.Debug|Any CPU.ActiveCfg = Debug|Any CPU
		{745297E1-BF40-4790-A93C-3CF0EA39F6DA}.Debug|Any CPU.Build.0 = Debug|Any CPU
		{745297E1-BF40-4790-A93C-3CF0EA39F6DA}.Release|Any CPU.ActiveCfg = Release|Any CPU
		{745297E1-BF40-4790-A93C-3CF0EA39F6DA}.Release|Any CPU.Build.0 = Release|Any CPU
		{51D7CC47-8051-4D59-9630-88FAB2371FDE}.Debug|Any CPU.ActiveCfg = Debug|Any CPU
		{51D7CC47-8051-4D59-9630-88FAB2371FDE}.Debug|Any CPU.Build.0 = Debug|Any CPU
		{51D7CC47-8051-4D59-9630-88FAB2371FDE}.Release|Any CPU.ActiveCfg = Release|Any CPU
		{51D7CC47-8051-4D59-9630-88FAB2371FDE}.Release|Any CPU.Build.0 = Release|Any CPU
		{47F3069A-E1C1-41E9-8F63-2E5D9BAB6954}.Debug|Any CPU.ActiveCfg = Debug|Any CPU
		{47F3069A-E1C1-41E9-8F63-2E5D9BAB6954}.Debug|Any CPU.Build.0 = Debug|Any CPU
		{47F3069A-E1C1-41E9-8F63-2E5D9BAB6954}.Release|Any CPU.ActiveCfg = Release|Any CPU
		{47F3069A-E1C1-41E9-8F63-2E5D9BAB6954}.Release|Any CPU.Build.0 = Release|Any CPU
		{D7745D20-D4DF-4704-B814-46B76B6E7892}.Debug|Any CPU.ActiveCfg = Debug|Any CPU
		{D7745D20-D4DF-4704-B814-46B76B6E7892}.Debug|Any CPU.Build.0 = Debug|Any CPU
		{D7745D20-D4DF-4704-B814-46B76B6E7892}.Release|Any CPU.ActiveCfg = Release|Any CPU
		{D7745D20-D4DF-4704-B814-46B76B6E7892}.Release|Any CPU.Build.0 = Release|Any CPU
		{015F24B2-9EBC-4688-83A8-FA83A59F8815}.Debug|Any CPU.ActiveCfg = Debug|Any CPU
		{015F24B2-9EBC-4688-83A8-FA83A59F8815}.Debug|Any CPU.Build.0 = Debug|Any CPU
		{015F24B2-9EBC-4688-83A8-FA83A59F8815}.Release|Any CPU.ActiveCfg = Release|Any CPU
		{015F24B2-9EBC-4688-83A8-FA83A59F8815}.Release|Any CPU.Build.0 = Release|Any CPU
		{9AA2C7C9-CC6C-4A9B-B1F3-1A06D00939B7}.Debug|Any CPU.ActiveCfg = Debug|Any CPU
		{9AA2C7C9-CC6C-4A9B-B1F3-1A06D00939B7}.Debug|Any CPU.Build.0 = Debug|Any CPU
		{9AA2C7C9-CC6C-4A9B-B1F3-1A06D00939B7}.Release|Any CPU.ActiveCfg = Release|Any CPU
		{9AA2C7C9-CC6C-4A9B-B1F3-1A06D00939B7}.Release|Any CPU.Build.0 = Release|Any CPU
		{85137D56-0CFB-49E8-97CD-2B755366774B}.Debug|Any CPU.ActiveCfg = Debug|Any CPU
		{85137D56-0CFB-49E8-97CD-2B755366774B}.Debug|Any CPU.Build.0 = Debug|Any CPU
		{85137D56-0CFB-49E8-97CD-2B755366774B}.Release|Any CPU.ActiveCfg = Release|Any CPU
		{85137D56-0CFB-49E8-97CD-2B755366774B}.Release|Any CPU.Build.0 = Release|Any CPU
	EndGlobalSection
	GlobalSection(SolutionProperties) = preSolution
		HideSolutionNode = FALSE
	EndGlobalSection
	GlobalSection(ExtensibilityGlobals) = postSolution
		SolutionGuid = {3604D372-E986-4B53-B54C-9FAAF13B9AC8}
	EndGlobalSection
EndGlobal
