
Microsoft Visual Studio Solution File, Format Version 12.00
# Visual Studio Version 17
VisualStudioVersion = 17.0.31903.59
MinimumVisualStudioVersion = 10.0.40219.1
Project("{9A19103F-16F7-4668-BE54-9A1E7A4F7556}") = "01-DepthIncrease", "01-DepthIncrease\01-DepthIncrease.csproj", "{3F39DBEF-BC30-4507-B902-ABE777680AC2}"
EndProject
Project("{9A19103F-16F7-4668-BE54-9A1E7A4F7556}") = "02-Position", "02-Position\02-Position.csproj", "{CFAB5EB4-872C-4025-849D-4C9A39441D2E}"
EndProject
Project("{9A19103F-16F7-4668-BE54-9A1E7A4F7556}") = "03-PowerConsumption", "03-PowerConsumpution\03-PowerConsumption.csproj", "{82696C07-EE49-44FE-9B22-A208AC1D0399}"
EndProject
Project("{9A19103F-16F7-4668-BE54-9A1E7A4F7556}") = "04-Bingo", "04-Bingo\04-Bingo.csproj", "{745297E1-BF40-4790-A93C-3CF0EA39F6DA}"
EndProject
Project("{9A19103F-16F7-4668-BE54-9A1E7A4F7556}") = "05-HydrothermalVenture", "05-HydrothermalVenture\05-HydrothermalVenture.csproj", "{51D7CC47-8051-4D59-9630-88FAB2371FDE}"
EndProject
Project("{9A19103F-16F7-4668-BE54-9A1E7A4F7556}") = "06-LanternFish", "06-LanternFish\06-LanternFish.csproj", "{47F3069A-E1C1-41E9-8F63-2E5D9BAB6954}"
EndProject
Project("{9A19103F-16F7-4668-BE54-9A1E7A4F7556}") = "07-CrabFuel", "07-CrabFuel\07-CrabFuel.csproj", "{D7745D20-D4DF-4704-B814-46B76B6E7892}"
EndProject
Project("{9A19103F-16F7-4668-BE54-9A1E7A4F7556}") = "08-SegmentSearch", "08-SegmentSearch\08-SegmentSearch.csproj", "{015F24B2-9EBC-4688-83A8-FA83A59F8815}"
EndProject
Project("{9A19103F-16F7-4668-BE54-9A1E7A4F7556}") = "09-RiskLevel", "09-RiskLevel\09-RiskLevel.csproj", "{9AA2C7C9-CC6C-4A9B-B1F3-1A06D00939B7}"
EndProject
Project("{9A19103F-16F7-4668-BE54-9A1E7A4F7556}") = "10-SyntaxChecker", "10-SyntaxChecker\10-SyntaxChecker.csproj", "{85137D56-0CFB-49E8-97CD-2B755366774B}"
EndProject
Project("{9A19103F-16F7-4668-BE54-9A1E7A4F7556}") = "11-DumboOctopus", "11-DumboOctopus\11-DumboOctopus.csproj", "{FA489E70-CE19-418A-A43B-A2B26A5079A0}"
EndProject
Project("{9A19103F-16F7-4668-BE54-9A1E7A4F7556}") = "12-CavePath", "12-CavePath\12-CavePath.csproj", "{97122B43-E72A-4D93-88EB-8E73549C36A3}"
EndProject
Project("{9A19103F-16F7-4668-BE54-9A1E7A4F7556}") = "15-MinPath", "15-MinPath\15-MinPath.csproj", "{CF30D2E1-6739-4FDF-810A-0C2073359EAC}"
EndProject
Project("{9A19103F-16F7-4668-BE54-9A1E7A4F7556}") = "13-Fold", "13-Fold\13-Fold.csproj", "{CCCE3CB5-F129-4531-B903-DF1F330718D0}"
EndProject
Project("{9A19103F-16F7-4668-BE54-9A1E7A4F7556}") = "15-MinPath-V2", "15-MinPath-V2\15-MinPath-V2.csproj", "{F324690A-FD27-4F84-B8BB-C8955CDFD0FA}"
EndProject
Project("{9A19103F-16F7-4668-BE54-9A1E7A4F7556}") = "14-Polymers", "14-Polymers\14-Polymers.csproj", "{2BC0DE65-BA05-4CD2-873A-56D64B7A05BB}"
EndProject
Project("{9A19103F-16F7-4668-BE54-9A1E7A4F7556}") = "16-PacketDecoder", "16-PacketDecoder\16-PacketDecoder.csproj", "{C87AADF0-F493-4361-81CC-7D5B90A477A7}"
EndProject
Project("{FAE04EC0-301F-11D3-BF4B-00C04F79EFBC}") = "16-Packets", "16-Packets\16-Packets.csproj", "{F1B5F72C-9FF0-4862-AFFF-8D9D21CC8EBF}"
EndProject
Global
	GlobalSection(SolutionConfigurationPlatforms) = preSolution
		Debug|Any CPU = Debug|Any CPU
		Release|Any CPU = Release|Any CPU
	EndGlobalSection
	GlobalSection(ProjectConfigurationPlatforms) = postSolution
		{3F39DBEF-BC30-4507-B902-ABE777680AC2}.Debug|Any CPU.ActiveCfg = Debug|Any CPU
		{3F39DBEF-BC30-4507-B902-ABE777680AC2}.Debug|Any CPU.Build.0 = Debug|Any CPU
		{3F39DBEF-BC30-4507-B902-ABE777680AC2}.Release|Any CPU.ActiveCfg = Release|Any CPU
		{3F39DBEF-BC30-4507-B902-ABE777680AC2}.Release|Any CPU.Build.0 = Release|Any CPU
		{CFAB5EB4-872C-4025-849D-4C9A39441D2E}.Debug|Any CPU.ActiveCfg = Debug|Any CPU
		{CFAB5EB4-872C-4025-849D-4C9A39441D2E}.Debug|Any CPU.Build.0 = Debug|Any CPU
		{CFAB5EB4-872C-4025-849D-4C9A39441D2E}.Release|Any CPU.ActiveCfg = Release|Any CPU
		{CFAB5EB4-872C-4025-849D-4C9A39441D2E}.Release|Any CPU.Build.0 = Release|Any CPU
		{82696C07-EE49-44FE-9B22-A208AC1D0399}.Debug|Any CPU.ActiveCfg = Debug|Any CPU
		{82696C07-EE49-44FE-9B22-A208AC1D0399}.Debug|Any CPU.Build.0 = Debug|Any CPU
		{82696C07-EE49-44FE-9B22-A208AC1D0399}.Release|Any CPU.ActiveCfg = Release|Any CPU
		{82696C07-EE49-44FE-9B22-A208AC1D0399}.Release|Any CPU.Build.0 = Release|Any CPU
		{745297E1-BF40-4790-A93C-3CF0EA39F6DA}.Debug|Any CPU.ActiveCfg = Debug|Any CPU
		{745297E1-BF40-4790-A93C-3CF0EA39F6DA}.Debug|Any CPU.Build.0 = Debug|Any CPU
		{745297E1-BF40-4790-A93C-3CF0EA39F6DA}.Release|Any CPU.ActiveCfg = Release|Any CPU
		{745297E1-BF40-4790-A93C-3CF0EA39F6DA}.Release|Any CPU.Build.0 = Release|Any CPU
		{51D7CC47-8051-4D59-9630-88FAB2371FDE}.Debug|Any CPU.ActiveCfg = Debug|Any CPU
		{51D7CC47-8051-4D59-9630-88FAB2371FDE}.Debug|Any CPU.Build.0 = Debug|Any CPU
		{51D7CC47-8051-4D59-9630-88FAB2371FDE}.Release|Any CPU.ActiveCfg = Release|Any CPU
		{51D7CC47-8051-4D59-9630-88FAB2371FDE}.Release|Any CPU.Build.0 = Release|Any CPU
		{47F3069A-E1C1-41E9-8F63-2E5D9BAB6954}.Debug|Any CPU.ActiveCfg = Debug|Any CPU
		{47F3069A-E1C1-41E9-8F63-2E5D9BAB6954}.Debug|Any CPU.Build.0 = Debug|Any CPU
		{47F3069A-E1C1-41E9-8F63-2E5D9BAB6954}.Release|Any CPU.ActiveCfg = Release|Any CPU
		{47F3069A-E1C1-41E9-8F63-2E5D9BAB6954}.Release|Any CPU.Build.0 = Release|Any CPU
		{D7745D20-D4DF-4704-B814-46B76B6E7892}.Debug|Any CPU.ActiveCfg = Debug|Any CPU
		{D7745D20-D4DF-4704-B814-46B76B6E7892}.Debug|Any CPU.Build.0 = Debug|Any CPU
		{D7745D20-D4DF-4704-B814-46B76B6E7892}.Release|Any CPU.ActiveCfg = Release|Any CPU
		{D7745D20-D4DF-4704-B814-46B76B6E7892}.Release|Any CPU.Build.0 = Release|Any CPU
		{015F24B2-9EBC-4688-83A8-FA83A59F8815}.Debug|Any CPU.ActiveCfg = Debug|Any CPU
		{015F24B2-9EBC-4688-83A8-FA83A59F8815}.Debug|Any CPU.Build.0 = Debug|Any CPU
		{015F24B2-9EBC-4688-83A8-FA83A59F8815}.Release|Any CPU.ActiveCfg = Release|Any CPU
		{015F24B2-9EBC-4688-83A8-FA83A59F8815}.Release|Any CPU.Build.0 = Release|Any CPU
		{9AA2C7C9-CC6C-4A9B-B1F3-1A06D00939B7}.Debug|Any CPU.ActiveCfg = Debug|Any CPU
		{9AA2C7C9-CC6C-4A9B-B1F3-1A06D00939B7}.Debug|Any CPU.Build.0 = Debug|Any CPU
		{9AA2C7C9-CC6C-4A9B-B1F3-1A06D00939B7}.Release|Any CPU.ActiveCfg = Release|Any CPU
		{9AA2C7C9-CC6C-4A9B-B1F3-1A06D00939B7}.Release|Any CPU.Build.0 = Release|Any CPU
		{85137D56-0CFB-49E8-97CD-2B755366774B}.Debug|Any CPU.ActiveCfg = Debug|Any CPU
		{85137D56-0CFB-49E8-97CD-2B755366774B}.Debug|Any CPU.Build.0 = Debug|Any CPU
		{85137D56-0CFB-49E8-97CD-2B755366774B}.Release|Any CPU.ActiveCfg = Release|Any CPU
		{85137D56-0CFB-49E8-97CD-2B755366774B}.Release|Any CPU.Build.0 = Release|Any CPU
		{FA489E70-CE19-418A-A43B-A2B26A5079A0}.Debug|Any CPU.ActiveCfg = Debug|Any CPU
		{FA489E70-CE19-418A-A43B-A2B26A5079A0}.Debug|Any CPU.Build.0 = Debug|Any CPU
		{FA489E70-CE19-418A-A43B-A2B26A5079A0}.Release|Any CPU.ActiveCfg = Release|Any CPU
		{FA489E70-CE19-418A-A43B-A2B26A5079A0}.Release|Any CPU.Build.0 = Release|Any CPU
		{97122B43-E72A-4D93-88EB-8E73549C36A3}.Debug|Any CPU.ActiveCfg = Debug|Any CPU
		{97122B43-E72A-4D93-88EB-8E73549C36A3}.Debug|Any CPU.Build.0 = Debug|Any CPU
		{97122B43-E72A-4D93-88EB-8E73549C36A3}.Release|Any CPU.ActiveCfg = Release|Any CPU
		{97122B43-E72A-4D93-88EB-8E73549C36A3}.Release|Any CPU.Build.0 = Release|Any CPU
		{CF30D2E1-6739-4FDF-810A-0C2073359EAC}.Debug|Any CPU.ActiveCfg = Debug|Any CPU
		{CF30D2E1-6739-4FDF-810A-0C2073359EAC}.Debug|Any CPU.Build.0 = Debug|Any CPU
		{CF30D2E1-6739-4FDF-810A-0C2073359EAC}.Release|Any CPU.ActiveCfg = Release|Any CPU
		{CF30D2E1-6739-4FDF-810A-0C2073359EAC}.Release|Any CPU.Build.0 = Release|Any CPU
		{CCCE3CB5-F129-4531-B903-DF1F330718D0}.Debug|Any CPU.ActiveCfg = Debug|Any CPU
		{CCCE3CB5-F129-4531-B903-DF1F330718D0}.Debug|Any CPU.Build.0 = Debug|Any CPU
		{CCCE3CB5-F129-4531-B903-DF1F330718D0}.Release|Any CPU.ActiveCfg = Release|Any CPU
		{CCCE3CB5-F129-4531-B903-DF1F330718D0}.Release|Any CPU.Build.0 = Release|Any CPU
		{F324690A-FD27-4F84-B8BB-C8955CDFD0FA}.Debug|Any CPU.ActiveCfg = Debug|Any CPU
		{F324690A-FD27-4F84-B8BB-C8955CDFD0FA}.Debug|Any CPU.Build.0 = Debug|Any CPU
		{F324690A-FD27-4F84-B8BB-C8955CDFD0FA}.Release|Any CPU.ActiveCfg = Release|Any CPU
		{F324690A-FD27-4F84-B8BB-C8955CDFD0FA}.Release|Any CPU.Build.0 = Release|Any CPU
		{2BC0DE65-BA05-4CD2-873A-56D64B7A05BB}.Debug|Any CPU.ActiveCfg = Debug|Any CPU
		{2BC0DE65-BA05-4CD2-873A-56D64B7A05BB}.Debug|Any CPU.Build.0 = Debug|Any CPU
		{2BC0DE65-BA05-4CD2-873A-56D64B7A05BB}.Release|Any CPU.ActiveCfg = Release|Any CPU
		{2BC0DE65-BA05-4CD2-873A-56D64B7A05BB}.Release|Any CPU.Build.0 = Release|Any CPU
		{C87AADF0-F493-4361-81CC-7D5B90A477A7}.Debug|Any CPU.ActiveCfg = Debug|Any CPU
		{C87AADF0-F493-4361-81CC-7D5B90A477A7}.Debug|Any CPU.Build.0 = Debug|Any CPU
		{C87AADF0-F493-4361-81CC-7D5B90A477A7}.Release|Any CPU.ActiveCfg = Release|Any CPU
		{C87AADF0-F493-4361-81CC-7D5B90A477A7}.Release|Any CPU.Build.0 = Release|Any CPU
		{F1B5F72C-9FF0-4862-AFFF-8D9D21CC8EBF}.Debug|Any CPU.ActiveCfg = Debug|Any CPU
		{F1B5F72C-9FF0-4862-AFFF-8D9D21CC8EBF}.Debug|Any CPU.Build.0 = Debug|Any CPU
		{F1B5F72C-9FF0-4862-AFFF-8D9D21CC8EBF}.Release|Any CPU.ActiveCfg = Release|Any CPU
		{F1B5F72C-9FF0-4862-AFFF-8D9D21CC8EBF}.Release|Any CPU.Build.0 = Release|Any CPU
	EndGlobalSection
	GlobalSection(SolutionProperties) = preSolution
		HideSolutionNode = FALSE
	EndGlobalSection
	GlobalSection(ExtensibilityGlobals) = postSolution
		SolutionGuid = {3604D372-E986-4B53-B54C-9FAAF13B9AC8}
	EndGlobalSection
EndGlobal
